
Microsoft Visual Studio Solution File, Format Version 12.00
# Visual Studio 15
VisualStudioVersion = 15.0.27004.2010
MinimumVisualStudioVersion = 10.0.40219.1
Project("{FAE04EC0-301F-11D3-BF4B-00C04F79EFBC}") = "Project_Assignment", "Project_Assignment\Project_Assignment.csproj", "{F9902D4E-B2B0-40F0-B6F0-FD8E42A13898}"
EndProject
Project("{FAE04EC0-301F-11D3-BF4B-00C04F79EFBC}") = "DAL", "DAL\DAL.csproj", "{3D699133-251C-438B-A6BD-0955C39ADD38}"
EndProject
Project("{FAE04EC0-301F-11D3-BF4B-00C04F79EFBC}") = "BLL", "BLL\BLL.csproj", "{C7A44839-8672-4B8E-8889-E4E1E969E056}"
EndProject
Global
	GlobalSection(SolutionConfigurationPlatforms) = preSolution
		Debug|Any CPU = Debug|Any CPU
		Release|Any CPU = Release|Any CPU
	EndGlobalSection
	GlobalSection(ProjectConfigurationPlatforms) = postSolution
		{F9902D4E-B2B0-40F0-B6F0-FD8E42A13898}.Debug|Any CPU.ActiveCfg = Debug|Any CPU
		{F9902D4E-B2B0-40F0-B6F0-FD8E42A13898}.Debug|Any CPU.Build.0 = Debug|Any CPU
		{F9902D4E-B2B0-40F0-B6F0-FD8E42A13898}.Release|Any CPU.ActiveCfg = Release|Any CPU
		{F9902D4E-B2B0-40F0-B6F0-FD8E42A13898}.Release|Any CPU.Build.0 = Release|Any CPU
		{3D699133-251C-438B-A6BD-0955C39ADD38}.Debug|Any CPU.ActiveCfg = Debug|Any CPU
		{3D699133-251C-438B-A6BD-0955C39ADD38}.Debug|Any CPU.Build.0 = Debug|Any CPU
		{3D699133-251C-438B-A6BD-0955C39ADD38}.Release|Any CPU.ActiveCfg = Release|Any CPU
		{3D699133-251C-438B-A6BD-0955C39ADD38}.Release|Any CPU.Build.0 = Release|Any CPU
		{C7A44839-8672-4B8E-8889-E4E1E969E056}.Debug|Any CPU.ActiveCfg = Debug|Any CPU
		{C7A44839-8672-4B8E-8889-E4E1E969E056}.Debug|Any CPU.Build.0 = Debug|Any CPU
		{C7A44839-8672-4B8E-8889-E4E1E969E056}.Release|Any CPU.ActiveCfg = Release|Any CPU
		{C7A44839-8672-4B8E-8889-E4E1E969E056}.Release|Any CPU.Build.0 = Release|Any CPU
	EndGlobalSection
	GlobalSection(SolutionProperties) = preSolution
		HideSolutionNode = FALSE
	EndGlobalSection
	GlobalSection(ExtensibilityGlobals) = postSolution
		SolutionGuid = {7BB9C1D8-53AB-470C-B86B-CA3767E03946}
	EndGlobalSection
EndGlobal
